# THIS IS AN AUTOGENERATED FILE. DO NOT EDIT THIS FILE DIRECTLY.
# yarn lockfile v1


nodemailer@^6.10.0:
  version "6.10.0"
  resolved "https://registry.yarnpkg.com/nodemailer/-/nodemailer-6.10.0.tgz#1f24c9de94ad79c6206f66d132776b6503003912"
  integrity sha512-SQ3wZCExjeSatLE/HBaXS5vqUOQk6GtBdIIKxiFdmm01mOQZX/POJkO3SUX1wDiYcwUOJwT23scFSC9fY2H8IA==
